
Microsoft Visual Studio Solution File, Format Version 12.00
# Visual Studio Version 17
VisualStudioVersion = 17.0.31919.166
MinimumVisualStudioVersion = 10.0.40219.1
Project("{9A19103F-16F7-4668-BE54-9A1E7A4F7556}") = "E-Jogos", "E-Jogos.csproj", "{70B992E3-E162-47C9-919E-AA6CD14CF715}"
EndProject
Global
	GlobalSection(SolutionConfigurationPlatforms) = preSolution
		Debug|Any CPU = Debug|Any CPU
		Release|Any CPU = Release|Any CPU
	EndGlobalSection
	GlobalSection(ProjectConfigurationPlatforms) = postSolution
		{70B992E3-E162-47C9-919E-AA6CD14CF715}.Debug|Any CPU.ActiveCfg = Debug|Any CPU
		{70B992E3-E162-47C9-919E-AA6CD14CF715}.Debug|Any CPU.Build.0 = Debug|Any CPU
		{70B992E3-E162-47C9-919E-AA6CD14CF715}.Release|Any CPU.ActiveCfg = Release|Any CPU
		{70B992E3-E162-47C9-919E-AA6CD14CF715}.Release|Any CPU.Build.0 = Release|Any CPU
	EndGlobalSection
	GlobalSection(SolutionProperties) = preSolution
		HideSolutionNode = FALSE
	EndGlobalSection
	GlobalSection(ExtensibilityGlobals) = postSolution
		SolutionGuid = {C4366764-2115-4373-985B-7AB43FB8A016}
	EndGlobalSection
EndGlobal
